# This file is @generated by PDM.
# It is not intended for manual editing.

[metadata]
groups = ["default"]
strategy = ["cross_platform", "inherit_metadata"]
lock_version = "4.4.1"
content_hash = "sha256:b9ca1d533535f16b1e53ea2e49bd791ad7c9abbd601744957921a6407d8512de"

[[package]]
name = "av"
version = "10.0.0"
summary = "Pythonic bindings for FFmpeg's libraries."
groups = ["default"]
files = [
    {file = "av-10.0.0-cp310-cp310-macosx_10_9_x86_64.whl", hash = "sha256:d19bb54197155d045a2b683d993026d4bcb06e31c2acad0327e3e8711571899c"},
    {file = "av-10.0.0-cp310-cp310-macosx_11_0_arm64.whl", hash = "sha256:7dba96a85cd37315529998e6dbbe3fa05c2344eb19a431dc24996be030a904ee"},
    {file = "av-10.0.0-cp310-cp310-manylinux_2_17_aarch64.manylinux2014_aarch64.whl", hash = "sha256:27d6d38c7c8d46d578c008ffcb8aad1eae14d0621fff41f4ad62395589045fe4"},
    {file = "av-10.0.0-cp310-cp310-manylinux_2_17_i686.manylinux2014_i686.whl", hash = "sha256:51037f4bde03daf924236af4f444e17345792ad7f6f70760a5e5863407e14f2b"},
    {file = "av-10.0.0-cp310-cp310-manylinux_2_17_x86_64.manylinux2014_x86_64.whl", hash = "sha256:0577a38664e453b4ffb63d616a0d23c295827b16ae96a090e89527a753de8718"},
    {file = "av-10.0.0-cp310-cp310-win_amd64.whl", hash = "sha256:07c971573035d22ce50069d3f2bbdb4d6d02d626ab13db12fda3ce519cda3f22"},
    {file = "av-10.0.0-cp311-cp311-macosx_10_9_x86_64.whl", hash = "sha256:e5085d11345484c0097898994bb3f515002e7e1deeb43dd11d30dd6f45402c49"},
    {file = "av-10.0.0-cp311-cp311-macosx_11_0_arm64.whl", hash = "sha256:157bde3ffd1615a9006b56e4daf3b46848d3ee2bd46b0394f7568e43ed7ab5a9"},
    {file = "av-10.0.0-cp311-cp311-manylinux_2_17_aarch64.manylinux2014_aarch64.whl", hash = "sha256:115e144d5a1f205378a4b3a3657b7ed3e45918ebe5d2003a891e45984e8f443a"},
    {file = "av-10.0.0-cp311-cp311-manylinux_2_17_i686.manylinux2014_i686.whl", hash = "sha256:7a7d6e2b3fbda6464f74fe010dbcff361394bb014b0cb4aa4dc9f2bb713ce882"},
    {file = "av-10.0.0-cp311-cp311-manylinux_2_17_x86_64.manylinux2014_x86_64.whl", hash = "sha256:69fd5a38395191a0f4b71adf31057ff177c9f0762914d73d8797742339ad67d0"},
    {file = "av-10.0.0-cp311-cp311-win_amd64.whl", hash = "sha256:836d69a9543d284976b229cc8d4343ffcfc0bbaf05239e13fb7e613b13d5291d"},
    {file = "av-10.0.0-cp37-cp37m-macosx_10_9_x86_64.whl", hash = "sha256:eba192274538617bbe60097a013d83637f1a5ba9844bbbcf3ca7e43c6499b9d5"},
    {file = "av-10.0.0-cp37-cp37m-manylinux_2_17_aarch64.manylinux2014_aarch64.whl", hash = "sha256:1301e4cf1a2c899851073720cd541066c8539b64f9eb0d52216f8d0a59f20429"},
    {file = "av-10.0.0-cp37-cp37m-manylinux_2_17_i686.manylinux2014_i686.whl", hash = "sha256:eebd5aa9d8b1e33e715c5409544a712f13ec805bb0110d75f394ff28d2fb64ad"},
    {file = "av-10.0.0-cp37-cp37m-manylinux_2_17_x86_64.manylinux2014_x86_64.whl", hash = "sha256:04cd0ce13a87870fb0a0ea4673f04934af2b9ac7ae844eafe92e2c19c092ab11"},
    {file = "av-10.0.0-cp37-cp37m-win_amd64.whl", hash = "sha256:10facb5b933551dd6a30d8015bc91eef5d1c864ee86aa3463ffbaff1a99f6c6a"},
    {file = "av-10.0.0-cp38-cp38-macosx_10_9_x86_64.whl", hash = "sha256:088636ded03724a2ab51136f6f4be0bc457bdb3c0d2ac7158792fe81150d4c1a"},
    {file = "av-10.0.0-cp38-cp38-macosx_11_0_arm64.whl", hash = "sha256:ff0f7d3b1003a9ed0d06038f3f521a5ff0d3e056ec5111e2a78e303f98b815a7"},
    {file = "av-10.0.0-cp38-cp38-manylinux_2_17_aarch64.manylinux2014_aarch64.whl", hash = "sha256:ccaf786e747b126a5b3b9a8f5ffbb6a20c5f528775cc7084c95732ca72606fba"},
    {file = "av-10.0.0-cp38-cp38-manylinux_2_17_i686.manylinux2014_i686.whl", hash = "sha256:7c579d718b52beb812ea2a7bd68f812d0920b00937804d52d31d41bb71aa5557"},
    {file = "av-10.0.0-cp38-cp38-manylinux_2_17_x86_64.manylinux2014_x86_64.whl", hash = "sha256:a2cfd39baa5d82768d2a8898de7bfd450a083ef22b837d57e5dc1b6de3244218"},
    {file = "av-10.0.0-cp38-cp38-win_amd64.whl", hash = "sha256:81b5264d9752f49286bc1dc4d2cc66187418c4948a326dbed837c766c9892139"},
    {file = "av-10.0.0-cp39-cp39-macosx_10_9_x86_64.whl", hash = "sha256:16bd82b63d0b4c1b855b3c36b13337f7cdc5925bd8284fab893bdf6c290fc3a9"},
    {file = "av-10.0.0-cp39-cp39-macosx_11_0_arm64.whl", hash = "sha256:a6c8f3f8c26d35eefe45b849c81fd0816ba4b6f589baec7357c25b4c5537d3c4"},
    {file = "av-10.0.0-cp39-cp39-manylinux_2_17_aarch64.manylinux2014_aarch64.whl", hash = "sha256:91ea46fea7259abdfabe00b0ed3a9ca18e7fff7ce80d2a2c66a28f797cce838a"},
    {file = "av-10.0.0-cp39-cp39-manylinux_2_17_i686.manylinux2014_i686.whl", hash = "sha256:a62edd533d330aa61902ae8cd82966affa487fa337a0c4f58ae8866ccb5d31c0"},
    {file = "av-10.0.0-cp39-cp39-manylinux_2_17_x86_64.manylinux2014_x86_64.whl", hash = "sha256:b67b7d028c9cf68215376662fd2e0be6ca0cc02d32d3ed8514fec67b12db9cbd"},
    {file = "av-10.0.0-cp39-cp39-win_amd64.whl", hash = "sha256:0f9c88062ebfd2ce547c522b64f79e487ed2b0a6a9d6693c801b28df0d944607"},
    {file = "av-10.0.0-pp37-pypy37_pp73-macosx_10_9_x86_64.whl", hash = "sha256:63dbafcd02415127d97509523bc285f1ab260988f87b744d7fb1baee6ffbdf96"},
    {file = "av-10.0.0-pp37-pypy37_pp73-manylinux_2_17_aarch64.manylinux2014_aarch64.whl", hash = "sha256:e2ea4424d0be62fe18c843420284a0907bcb38d577062d62c4b75a8e940e6057"},
    {file = "av-10.0.0-pp37-pypy37_pp73-manylinux_2_17_i686.manylinux2014_i686.whl", hash = "sha256:8b6326fd0755761e3ee999e4bf90339e869fe71d548b679fee89157858b8d04a"},
    {file = "av-10.0.0-pp37-pypy37_pp73-manylinux_2_17_x86_64.manylinux2014_x86_64.whl", hash = "sha256:b3fae238751ec0db6377b2106e13762ca84dbe104bd44c1ce9b424163aef4ab5"},
    {file = "av-10.0.0-pp37-pypy37_pp73-win_amd64.whl", hash = "sha256:86bb3f6e8cce62ad18cd34eb2eadd091d99f51b40be81c929b53fbd8fecf6d90"},
    {file = "av-10.0.0-pp38-pypy38_pp73-macosx_10_9_x86_64.whl", hash = "sha256:f7b508813abbc100162d305a1ac9b2dd16e5128d56f2ac69639fc6a4b5aca69e"},
    {file = "av-10.0.0-pp38-pypy38_pp73-manylinux_2_17_aarch64.manylinux2014_aarch64.whl", hash = "sha256:98cc376199c0aa6e9365d03e0f4e67cfb209e40fe9c0cf566372f9daf2a0c779"},
    {file = "av-10.0.0-pp38-pypy38_pp73-manylinux_2_17_i686.manylinux2014_i686.whl", hash = "sha256:1b459ca0ef25c1a0e370112556bdc5b7752f76dc9bd497acaf3e653171e4b946"},
    {file = "av-10.0.0-pp38-pypy38_pp73-manylinux_2_17_x86_64.manylinux2014_x86_64.whl", hash = "sha256:ab930735112c1f788cc4d47c42c59ba0dd214d815aa906e1addf39af91d15194"},
    {file = "av-10.0.0-pp39-pypy39_pp73-macosx_10_9_x86_64.whl", hash = "sha256:13fe0b48b9211539323ecebbf84154c86c72d16723c6d0af76e29ae5c3a614b2"},
    {file = "av-10.0.0-pp39-pypy39_pp73-manylinux_2_17_aarch64.manylinux2014_aarch64.whl", hash = "sha256:c2eeec7beaebfe9e2213b3c94b482381187d0afdcb632f93239b44dc668b97df"},
    {file = "av-10.0.0-pp39-pypy39_pp73-manylinux_2_17_i686.manylinux2014_i686.whl", hash = "sha256:3dac2a8b0791c3373270e32f6cd27e6b60628565a188e40a5d9660d3aab05e33"},
    {file = "av-10.0.0-pp39-pypy39_pp73-manylinux_2_17_x86_64.manylinux2014_x86_64.whl", hash = "sha256:1cdede2325cb750b5bf79238bbf06f9c2a70b757b12726003769a43493b7233a"},
    {file = "av-10.0.0-pp39-pypy39_pp73-win_amd64.whl", hash = "sha256:9788e6e15db0910fb8e1548ba7540799d07066177710590a5794a524c4910e05"},
    {file = "av-10.0.0.tar.gz", hash = "sha256:8afd3d5610e1086f3b2d8389d66672ea78624516912c93612de64dcaa4c67e05"},
]
